
Microsoft Visual Studio Solution File, Format Version 12.00
# Visual Studio Version 17
VisualStudioVersion = 17.1.32210.238
MinimumVisualStudioVersion = 10.0.40219.1
Project("{9A19103F-16F7-4668-BE54-9A1E7A4F7556}") = "miniproject.API", "miniproject.API\miniproject.API.csproj", "{9733EC21-80FB-4AC4-B516-0451B83487FA}"
EndProject
Project("{FAE04EC0-301F-11D3-BF4B-00C04F79EFBC}") = "miniproject.DAL", "miniproject.DAL\miniproject.DAL.csproj", "{AECE0522-90F0-4707-A402-C6DDBB82E9EF}"
EndProject
Project("{FAE04EC0-301F-11D3-BF4B-00C04F79EFBC}") = "miniproject.TEST", "miniproject.TEST\miniproject.TEST.csproj", "{1228FB91-B2CF-4C8A-A0B9-533C24C2D57A}"
EndProject
Global
	GlobalSection(SolutionConfigurationPlatforms) = preSolution
		Debug|Any CPU = Debug|Any CPU
		Release|Any CPU = Release|Any CPU
	EndGlobalSection
	GlobalSection(ProjectConfigurationPlatforms) = postSolution
		{9733EC21-80FB-4AC4-B516-0451B83487FA}.Debug|Any CPU.ActiveCfg = Debug|Any CPU
		{9733EC21-80FB-4AC4-B516-0451B83487FA}.Debug|Any CPU.Build.0 = Debug|Any CPU
		{9733EC21-80FB-4AC4-B516-0451B83487FA}.Release|Any CPU.ActiveCfg = Release|Any CPU
		{9733EC21-80FB-4AC4-B516-0451B83487FA}.Release|Any CPU.Build.0 = Release|Any CPU
		{AECE0522-90F0-4707-A402-C6DDBB82E9EF}.Debug|Any CPU.ActiveCfg = Debug|Any CPU
		{AECE0522-90F0-4707-A402-C6DDBB82E9EF}.Debug|Any CPU.Build.0 = Debug|Any CPU
		{AECE0522-90F0-4707-A402-C6DDBB82E9EF}.Release|Any CPU.ActiveCfg = Release|Any CPU
		{AECE0522-90F0-4707-A402-C6DDBB82E9EF}.Release|Any CPU.Build.0 = Release|Any CPU
		{1228FB91-B2CF-4C8A-A0B9-533C24C2D57A}.Debug|Any CPU.ActiveCfg = Debug|Any CPU
		{1228FB91-B2CF-4C8A-A0B9-533C24C2D57A}.Debug|Any CPU.Build.0 = Debug|Any CPU
		{1228FB91-B2CF-4C8A-A0B9-533C24C2D57A}.Release|Any CPU.ActiveCfg = Release|Any CPU
		{1228FB91-B2CF-4C8A-A0B9-533C24C2D57A}.Release|Any CPU.Build.0 = Release|Any CPU
	EndGlobalSection
	GlobalSection(SolutionProperties) = preSolution
		HideSolutionNode = FALSE
	EndGlobalSection
	GlobalSection(ExtensibilityGlobals) = postSolution
		SolutionGuid = {54C7E370-B1E8-442D-99BB-FDCED5548D43}
	EndGlobalSection
EndGlobal
